
Microsoft Visual Studio Solution File, Format Version 12.00
# Visual Studio Version 17
VisualStudioVersion = 17.8.34408.163
MinimumVisualStudioVersion = 10.0.40219.1
Project("{FAE04EC0-301F-11D3-BF4B-00C04F79EFBC}") = "EmployeeWeb", "EmployeeWeb\EmployeeWeb.csproj", "{DE53B7CC-C149-423F-A4DB-4C09043EED8E}"
EndProject
Global
	GlobalSection(SolutionConfigurationPlatforms) = preSolution
		Debug|Any CPU = Debug|Any CPU
		Release|Any CPU = Release|Any CPU
	EndGlobalSection
	GlobalSection(ProjectConfigurationPlatforms) = postSolution
		{DE53B7CC-C149-423F-A4DB-4C09043EED8E}.Debug|Any CPU.ActiveCfg = Debug|Any CPU
		{DE53B7CC-C149-423F-A4DB-4C09043EED8E}.Debug|Any CPU.Build.0 = Debug|Any CPU
		{DE53B7CC-C149-423F-A4DB-4C09043EED8E}.Release|Any CPU.ActiveCfg = Release|Any CPU
		{DE53B7CC-C149-423F-A4DB-4C09043EED8E}.Release|Any CPU.Build.0 = Release|Any CPU
	EndGlobalSection
	GlobalSection(SolutionProperties) = preSolution
		HideSolutionNode = FALSE
	EndGlobalSection
	GlobalSection(ExtensibilityGlobals) = postSolution
		SolutionGuid = {AEDBF496-2804-4B1A-B4DB-F27718ACF685}
	EndGlobalSection
EndGlobal
